
Microsoft Visual Studio Solution File, Format Version 12.00
# Visual Studio Version 17
VisualStudioVersion = 17.14.36414.22 d17.14
MinimumVisualStudioVersion = 10.0.40219.1
Project("{FAE04EC0-301F-11D3-BF4B-00C04F79EFBC}") = "ProyectoSubli", "ProyectoSubli\ProyectoSubli.csproj", "{F04870F3-BDEF-4137-9C4C-4186A3E0A64A}"
EndProject
Global
	GlobalSection(SolutionConfigurationPlatforms) = preSolution
		Debug|Any CPU = Debug|Any CPU
		Release|Any CPU = Release|Any CPU
	EndGlobalSection
	GlobalSection(ProjectConfigurationPlatforms) = postSolution
		{F04870F3-BDEF-4137-9C4C-4186A3E0A64A}.Debug|Any CPU.ActiveCfg = Debug|Any CPU
		{F04870F3-BDEF-4137-9C4C-4186A3E0A64A}.Debug|Any CPU.Build.0 = Debug|Any CPU
		{F04870F3-BDEF-4137-9C4C-4186A3E0A64A}.Release|Any CPU.ActiveCfg = Release|Any CPU
		{F04870F3-BDEF-4137-9C4C-4186A3E0A64A}.Release|Any CPU.Build.0 = Release|Any CPU
	EndGlobalSection
	GlobalSection(SolutionProperties) = preSolution
		HideSolutionNode = FALSE
	EndGlobalSection
	GlobalSection(ExtensibilityGlobals) = postSolution
		SolutionGuid = {4B3AD7EF-2D54-43A8-A459-6C93839B9A33}
	EndGlobalSection
EndGlobal
